
Microsoft Visual Studio Solution File, Format Version 12.00
# Visual Studio Version 17
VisualStudioVersion = 17.6.33613.361
MinimumVisualStudioVersion = 10.0.40219.1
Project("{FAE04EC0-301F-11D3-BF4B-00C04F79EFBC}") = "FunctionAppV1Framework", "FunctionAppV1Framework\FunctionAppV1Framework.csproj", "{B04FF03B-3B00-4B11-81A7-A07AAD468B93}"
EndProject
Global
	GlobalSection(SolutionConfigurationPlatforms) = preSolution
		Debug|Any CPU = Debug|Any CPU
		Release|Any CPU = Release|Any CPU
	EndGlobalSection
	GlobalSection(ProjectConfigurationPlatforms) = postSolution
		{B04FF03B-3B00-4B11-81A7-A07AAD468B93}.Debug|Any CPU.ActiveCfg = Debug|Any CPU
		{B04FF03B-3B00-4B11-81A7-A07AAD468B93}.Debug|Any CPU.Build.0 = Debug|Any CPU
		{B04FF03B-3B00-4B11-81A7-A07AAD468B93}.Release|Any CPU.ActiveCfg = Release|Any CPU
		{B04FF03B-3B00-4B11-81A7-A07AAD468B93}.Release|Any CPU.Build.0 = Release|Any CPU
	EndGlobalSection
	GlobalSection(SolutionProperties) = preSolution
		HideSolutionNode = FALSE
	EndGlobalSection
	GlobalSection(ExtensibilityGlobals) = postSolution
		SolutionGuid = {AC9686D6-B671-47FD-B8EF-6958576D1574}
	EndGlobalSection
EndGlobal
